github.com/daaku/ctxerr v0.0.0-20160819070907-509c438ca2ac h1:3o67AGbUnTELaScEY2n7fWzY0m+WPcxKuvrmFG8bWKc=
github.com/daaku/ctxerr v0.0.0-20160819070907-509c438ca2ac/go.mod h1:kCX/UfM+ukUTkgV7iufZascwISj3ERGfV+C1YdtkvME=
github.com/daaku/ctxmux v0.0.0-20160816070229-fe5583754039 h1:Ul3faQHTxARUcJHNWKjvBcVnN3l0woeX1hv6MisJaHk=
github.com/daaku/ctxmux v0.0.0-20160816070229-fe5583754039/go.mod h1:BA5fdwkY0oFSl1dac6fZ/7PDRYt9XYTfkTMbh2G9aFg=
github.com/daaku/go.browserid v0.0.0-20150319225204-b9bd71b767c8 h1:ky60mvGs7KJDOkHEFe5fZjvJWuU2GecLgrqPV7olsPQ=
github.com/daaku/go.browserid v0.0.0-20150319225204-b9bd71b767c8/go.mod h1:NIxnrTfM6KPcnuxPNFgD/nMvhHZmV/zavCJ43x8jvg4=
github.com/daaku/go.fburl v0.0.0-20150224053625-4b680987341b h1:gbZOEH9BTD51BmiTwCxB7Zv46xuvoWvjgzdksE2f+Yg=
github.com/daaku/go.fburl v0.0.0-20150224053625-4b680987341b/go.mod h1:GSzOKLak3rmrt/Q37bJajxmsb6oMk2WJv6nrTzKDoR8=
github.com/daaku/go.h v0.0.0-20160816070040-732cb10c117f h1:XAu52TqAaUUtc2/l+F6ZOElZAzxn42ftnnpvf3CzLc4=
github.com/daaku/go.h v0.0.0-20160816070040-732cb10c117f/go.mod h1:uCstTBbK+C0pj+AAwC7zI7N8C6RiMhd47XBNIP/vqnE=
github.com/daaku/go.h.js.fb v0.0.0-20160819071028-bcc6589ae73c h1:BrWJtv3OWawb5quJNjCrXn1yZL9H1tVCPzR6QBqwnHo=
github.com/daaku/go.h.js.fb v0.0.0-20160819071028-bcc6589ae73c/go.mod h1:OfJZr86pr6KftGF9QpSaBib2Q0SFpnqZec4Op9pMy1c=
github.com/daaku/go.h.js.ga v0.0.0-20160819071048-736eab92ff5f h1:EQwgSZGPXAoCltHnvzwl0XMIRc+yoAPU7nRzalvYXDY=
github.com/daaku/go.h.js.ga v0.0.0-20160819071048-736eab92ff5f/go.mod h1:9yS/3twDLPsh7/6tHX87SI/fXnDjIyJeKInS/0afsQY=
github.com/daaku/go.h.ui v0.0.0-20160819062614-81953c79c3f5 h1:obaIPRrgoWBsBEQlFBdqkin27HE/M5EZiCgUswryxBI=
github.com/daaku/go.h.ui v0.0.0-20160819062614-81953c79c3f5/go.mod h1:aEAb+vDQRmI4/axqQpF8gHPOh5qyHh7Z2ipKwAOjQBQ=
github.com/daaku/go.htmlwriter v0.0.0-20150220215715-94418e34369a h1:iELZCJqysNN3w8gfP6M3o7SkjeQwwNtegunqcQPpfP8=
github.com/daaku/go.htmlwriter v0.0.0-20150220215715-94418e34369a/go.mod h1:YrFqKFngAg7TT1csPIo7mPYhE1owK5ke8mKe52B3ZrU=
github.com/daaku/go.httpdev v0.0.0-20160819064251-754fc1f95b84 h1:Ce2U/q2uta0HSeoiaaf5Tm/S9DC82q9N/3LuV639DRU=
github.com/daaku/go.httpdev v0.0.0-20160819064251-754fc1f95b84/go.mod h1:bbDGqa6/i58XLRuNSW+6KFWgWERqA7RwlqBD9IFYMGM=
github.com/daaku/go.signedrequest v0.0.0-20150303070345-4727901abbda h1:5HF/Y9KkeqAPKTsL9gw+LhbPaBa+ofjD2pWZI+at6bY=
github.com/daaku/go.signedrequest v0.0.0-20150303070345-4727901abbda/go.mod h1:2WHpSN/+/x50olCC8HcNH3zeKXbGhoVyLcJl1yInGAo=
github.com/daaku/go.static v0.0.0-20160819071106-448c30a68717 h1:bhXfJJUgPgfIw+zFNYrGIUt16XPjcUsywckKadvI3Nw=
github.com/daaku/go.static v0.0.0-20160819071106-448c30a68717/go.mod h1:zFqVZSoC1UqhKMwkjo61aQf4u0Ls85FKhW6AWw/t1HM=
github.com/daaku/go.trustforward v0.0.0-20150319220104-54ecc813bfdf h1:xtgTbo1fuiA6veBk4pVS8ETW+eLrDZQytrIfaDAtTd8=
github.com/daaku/go.trustforward v0.0.0-20150319220104-54ecc813bfdf/go.mod h1:Q3TNqHDI8JJovEZuDykzj0SXYzAhu0wyZt5jr+FAm0s=
github.com/daaku/go.viewvar v0.0.0-20120507214831-4f967f8d6640 h1:nfecIEDWQBEZHja6NumXQmmxI4uLH94B5kYCOBSTSMc=
github.com/daaku/go.viewvar v0.0.0-20120507214831-4f967f8d6640/go.mod h1:5sKzp4o7s+5riHbZ2lmw+zlim8FphWHjW2fISM52PcM=
github.com/daaku/sortutil v0.0.0-20130919010756-68154d48a984 h1:Fp6gRgEHvZO48ms1e5qZtVVhpjVSdlLvrmHqIUURW/M=
github.com/daaku/sortutil v0.0.0-20130919010756-68154d48a984/go.mod h1:OrcrydbqK+vOs3sSwhCYirj1EgozGPadcyWbK3X7pJ4=
github.com/davecgh/go-spew v1.1.1 h1:vj9j/u1bqnvCEfJOwUhtlOARqs3+rkHYY13jYWTU97c=
github.com/davecgh/go-spew v1.1.1/go.mod h1:J7Y8YcW2NihsgmVo/mv3lAwl/skON4iLHjSsI+c5H38=
github.com/facebookgo/clock v0.0.0-20150410010913-600d898af40a h1:yDWHCSQ40h88yih2JAcL6Ls/kVkSE8GFACTGVnMPruw=
github.com/facebookgo/clock v0.0.0-20150410010913-600d898af40a/go.mod h1:7Ga40egUymuWXxAe151lTNnCv97MddSOVsjpPPkityA=
github.com/facebookgo/counting v0.0.0-20150612182857-1d2e5f475a1f h1:nbPAgmN7f+x0qKsoUslWsvMsTNB8/6eA2DDHgwjmb6c=
github.com/facebookgo/counting v0.0.0-20150612182857-1d2e5f475a1f/go.mod h1:3jsBtCKWRDs+VsYkKSu+oExXDU4DU90SHIectfTt/p0=
github.com/facebookgo/devrestarter v0.0.0-20181024184655-8e7cc2e8cf11 h1:TjHHU405KUNiDgdJISFT4oK9haKhw8PNORTqpWiO/8w=
github.com/facebookgo/devrestarter v0.0.0-20181024184655-8e7cc2e8cf11/go.mod h1:g8270XX8xWzMdnILkcdOFldCpbrUGy7dpeFLbvuUoG0=
github.com/facebookgo/ensure v0.0.0-20200202191622-63f1cf65ac4c h1:8ISkoahWXwZR41ois5lSJBSVw4D0OV19Ht/JSTzvSv0=
github.com/facebookgo/ensure v0.0.0-20200202191622-63f1cf65ac4c/go.mod h1:Yg+htXGokKKdzcwhuNDwVvN+uBxDGXJ7G/VN1d8fa64=
github.com/facebookgo/fbapi v0.0.0-20150708232722-07c8964a36df h1:5NHHWOn2qHG2BGMdRFlogtc51LkTeoBt3gu9YuCJ6yI=
github.com/facebookgo/fbapi v0.0.0-20150708232722-07c8964a36df/go.mod h1:hX7a/iOD128DnX8kJwrKO5S0eV58BG+vIn5RXNKnTik=
github.com/facebookgo/fbapp v0.0.0-20150612182901-051711cf4095 h1:nfQYN+qxd79FAQFctuBj9lRVAMDRuXQm8yjqrULszA4=
github.com/facebookgo/fbapp v0.0.0-20150612182901-051711cf4095/go.mod h1:kkJbn0bSSd16lsGT1HGL5PGcLTGQOo9dPI7PN2EdSH8=
github.com/facebookgo/flagenv v0.0.0-20160425205200-fcd59fca7456 h1:CkmB2l68uhvRlwOTPrwnuitSxi/S3Cg4L5QYOcL9MBc=
github.com/facebookgo/flagenv v0.0.0-20160425205200-fcd59fca7456/go.mod h1:zFhibDvPDWmtk4dAQ05sRobtyoffEHygEt3wSNuAzz8=
github.com/facebookgo/freeport v0.0.0-20150612182905-d4adf43b75b9 h1:wWke/RUCl7VRjQhwPlR/v0glZXNYzBHdNUzf/Am2Nmg=
github.com/facebookgo/freeport v0.0.0-20150612182905-d4adf43b75b9/go.mod h1:uPmAp6Sws4L7+Q/OokbWDAK1ibXYhB3PXFP1kol5hPg=
github.com/facebookgo/httpcontrol v0.0.0-20150708234001-ccde4420e1fe h1:lROXMXiVykPnYQwN/ZqlUlnzq/hTqZ6PiI+IZ7dOVbA=
github.com/facebookgo/httpcontrol v0.0.0-20150708234001-ccde4420e1fe/go.mod h1:RHhThlTAK1q74hnQuU/XB53XxTRDYxfAfHvDQ3JU9ys=
github.com/facebookgo/httpdown v0.0.0-20180706035922-5979d39b15c2 h1:nXeeRHmgNgjLxi+7dY9l9aDvSS1uwVlNLqUWIY4Ath0=
github.com/facebookgo/httpdown v0.0.0-20180706035922-5979d39b15c2/go.mod h1:TUV/fX3XrTtBQb5+ttSUJzcFgLNpILONFTKmBuk5RSw=
github.com/facebookgo/jsonpipe v0.0.0-20150612182908-8f89124372b6 h1:z76M7rWRMIEfDeKF7Oj9noSWFCMq0wa8m3C3lt1AHVo=
github.com/facebookgo/jsonpipe v0.0.0-20150612182908-8f89124372b6/go.mod h1:qYRYtaVOKkjxsZi+wzayVm6k4OalAeMC1kiA9/4j1LA=
github.com/facebookgo/stack v0.0.0-20160209184415-751773369052 h1:JWuenKqqX8nojtoVVWjGfOF9635RETekkoH6Cc9SX0A=
github.com/facebookgo/stack v0.0.0-20160209184415-751773369052/go.mod h1:UbMTZqLaRiH3MsBH8va0n7s1pQYcu3uTb8G4tygF4Zg=
github.com/facebookgo/stackerr v0.0.0-20150612192056-c2fcf88613f4 h1:fP04zlkPjAGpsduG7xN3rRkxjAqkJaIQnnkNYYw/pAk=
github.com/facebookgo/stackerr v0.0.0-20150612192056-c2fcf88613f4/go.mod h1:SBHk9aNQtiw4R4bEuzHjVmZikkUKCnO1v3lPQ21HZGk=
github.com/facebookgo/stats v0.0.0-20151006221625-1b76add642e4 h1:0YtRCqIZs2+Tz49QuH6cJVw/IFqzo39gEqZ0iYLxD2M=
github.com/facebookgo/stats v0.0.0-20151006221625-1b76add642e4/go.mod h1:vsJz7uE339KUCpBXx3JAJzSRH7Uk4iGGyJzR529qDIA=
github.com/facebookgo/subset v0.0.0-20200203212716-c811ad88dec4 h1:7HZCaLC5+BZpmbhCOZJ293Lz68O7PYrF2EzeiFMwCLk=
github.com/facebookgo/subset v0.0.0-20200203212716-c811ad88dec4/go.mod h1:5tD+neXqOorC30/tWg0LCSkrqj/AR6gu8yY8/fpw1q0=
github.com/fsnotify/fsnotify v1.7.0 h1:8JEhPFa5W2WU7YfeZzPNqzMP6Lwt7L2715Ggo0nosvA=
github.com/fsnotify/fsnotify v1.7.0/go.mod h1:40Bi/Hjc2AVfZrqy+aj+yEI+/bRxZnMJyTJwOpGvigM=
github.com/golang/groupcache v0.0.0-20210331224755-41bb18bfe9da h1:oI5xCqsCo564l8iNU+DwB5epxmsaqB+rhGL0m5jtYqE=
github.com/golang/groupcache v0.0.0-20210331224755-41bb18bfe9da/go.mod h1:cIg4eruTrX1D+g88fzRXU5OdNfaM+9IcxsU14FzY7Hc=
github.com/julienschmidt/httprouter v1.3.0 h1:U0609e9tgbseu3rBINet9P48AI/D3oJs4dN7jwJOQ1U=
github.com/julienschmidt/httprouter v1.3.0/go.mod h1:JR6WtHb+2LUe8TCKY3cZOxFyyO8IZAc4RVcycCCAKdM=
golang.org/x/net v0.36.0 h1:vWF2fRbw4qslQsQzgFqZff+BItCvGFQqKzKIzx1rmoA=
golang.org/x/net v0.36.0/go.mod h1:bFmbeoIPfrw4sMHNhb4J9f6+tPziuGjq7Jk/38fxi1I=
golang.org/x/sys v0.30.0 h1:QjkSwP/36a20jFYWkSue1YwXzLmsV5Gfq7Eiy72C1uc=
golang.org/x/sys v0.30.0/go.mod h1:/VUhepiaJMQUp4+oa/7Zr1D23ma6VTLIYjOOTFZPUcA=
